// !$*UTF8*$!
{
	archiveVersion = 1;
	classes = {
	};
	objectVersion = 46;
	objects = {

/* Begin PBXBuildFile section */
		8437F65A1A8A6AE400B1C3BA /* main.m in Sources */ = {isa = PBXBuildFile; fileRef = 8437F6591A8A6AE400B1C3BA /* main.m */; };
		8437F65D1A8A6AE400B1C3BA /* AppDelegate.m in Sources */ = {isa = PBXBuildFile; fileRef = 8437F65C1A8A6AE400B1C3BA /* AppDelegate.m */; };
		8437F6661A8A6AE400B1C3BA /* Main.storyboard in Resources */ = {isa = PBXBuildFile; fileRef = 8437F6641A8A6AE400B1C3BA /* Main.storyboard */; };
		8437F6681A8A6AE400B1C3BA /* Images.xcassets in Resources */ = {isa = PBXBuildFile; fileRef = 8437F6671A8A6AE400B1C3BA /* Images.xcassets */; };
		8437F66B1A8A6AE400B1C3BA /* LaunchScreen.xib in Resources */ = {isa = PBXBuildFile; fileRef = 8437F6691A8A6AE400B1C3BA /* LaunchScreen.xib */; };
		8437F6771A8A6AE400B1C3BA /* CoreDataBasics_Part2Tests.m in Sources */ = {isa = PBXBuildFile; fileRef = 8437F6761A8A6AE400B1C3BA /* CoreDataBasics_Part2Tests.m */; };
		8437F6821A8A6F6E00B1C3BA /* Library.xcdatamodeld in Sources */ = {isa = PBXBuildFile; fileRef = 8437F6801A8A6F6800B1C3BA /* Library.xcdatamodeld */; };
		DD3D01F71A973212007EA899 /* CCRBookViewController.m in Sources */ = {isa = PBXBuildFile; fileRef = DD3D01F61A973212007EA899 /* CCRBookViewController.m */; };
		DD3D01FA1A97323C007EA899 /* CCRBooksTableViewController.m in Sources */ = {isa = PBXBuildFile; fileRef = DD3D01F91A97323C007EA899 /* CCRBooksTableViewController.m */; };
		DD3D02001A97B3C5007EA899 /* CCRDatabaseFiller.m in Sources */ = {isa = PBXBuildFile; fileRef = DD3D01FF1A97B3C5007EA899 /* CCRDatabaseFiller.m */; };
		DDD287DE1A96896D003CF46A /* CCRPublishersTableViewController.m in Sources */ = {isa = PBXBuildFile; fileRef = 8437F6851A8A71CB00B1C3BA /* CCRPublishersTableViewController.m */; };
		DDD287E01A969A01003CF46A /* Library.sqlite in Resources */ = {isa = PBXBuildFile; fileRef = DDD287DF1A969A01003CF46A /* Library.sqlite */; };
/* End PBXBuildFile section */

/* Begin PBXContainerItemProxy section */
		8437F6711A8A6AE400B1C3BA /* PBXContainerItemProxy */ = {
			isa = PBXContainerItemProxy;
			containerPortal = 8437F64C1A8A6AE400B1C3BA /* Project object */;
			proxyType = 1;
			remoteGlobalIDString = 8437F6531A8A6AE400B1C3BA;
			remoteInfo = "CoreDataBasics-Part2";
		};
/* End PBXContainerItemProxy section */

/* Begin PBXFileReference section */
		8437F6541A8A6AE400B1C3BA /* CoreDataBasics-Part2.app */ = {isa = PBXFileReference; explicitFileType = wrapper.application; includeInIndex = 0; path = "CoreDataBasics-Part2.app"; sourceTree = BUILT_PRODUCTS_DIR; };
		8437F6581A8A6AE400B1C3BA /* Info.plist */ = {isa = PBXFileReference; lastKnownFileType = text.plist.xml; path = Info.plist; sourceTree = "<group>"; };
		8437F6591A8A6AE400B1C3BA /* main.m */ = {isa = PBXFileReference; lastKnownFileType = sourcecode.c.objc; path = main.m; sourceTree = "<group>"; };
		8437F65B1A8A6AE400B1C3BA /* AppDelegate.h */ = {isa = PBXFileReference; lastKnownFileType = sourcecode.c.h; path = AppDelegate.h; sourceTree = "<group>"; };
		8437F65C1A8A6AE400B1C3BA /* AppDelegate.m */ = {isa = PBXFileReference; lastKnownFileType = sourcecode.c.objc; path = AppDelegate.m; sourceTree = "<group>"; };
		8437F6651A8A6AE400B1C3BA /* Base */ = {isa = PBXFileReference; lastKnownFileType = file.storyboard; name = Base; path = Base.lproj/Main.storyboard; sourceTree = "<group>"; };
		8437F6671A8A6AE400B1C3BA /* Images.xcassets */ = {isa = PBXFileReference; lastKnownFileType = folder.assetcatalog; path = Images.xcassets; sourceTree = "<group>"; };
		8437F66A1A8A6AE400B1C3BA /* Base */ = {isa = PBXFileReference; lastKnownFileType = file.xib; name = Base; path = Base.lproj/LaunchScreen.xib; sourceTree = "<group>"; };
		8437F6701A8A6AE400B1C3BA /* CoreDataBasics-Part2Tests.xctest */ = {isa = PBXFileReference; explicitFileType = wrapper.cfbundle; includeInIndex = 0; path = "CoreDataBasics-Part2Tests.xctest"; sourceTree = BUILT_PRODUCTS_DIR; };
		8437F6751A8A6AE400B1C3BA /* Info.plist */ = {isa = PBXFileReference; lastKnownFileType = text.plist.xml; path = Info.plist; sourceTree = "<group>"; };
		8437F6761A8A6AE400B1C3BA /* CoreDataBasics_Part2Tests.m */ = {isa = PBXFileReference; lastKnownFileType = sourcecode.c.objc; path = CoreDataBasics_Part2Tests.m; sourceTree = "<group>"; };
		8437F6811A8A6F6800B1C3BA /* CoreDataBasics_Part1.xcdatamodel */ = {isa = PBXFileReference; lastKnownFileType = wrapper.xcdatamodel; path = CoreDataBasics_Part1.xcdatamodel; sourceTree = "<group>"; };
		8437F6841A8A71CB00B1C3BA /* CCRPublishersTableViewController.h */ = {isa = PBXFileReference; lastKnownFileType = sourcecode.c.h; path = CCRPublishersTableViewController.h; sourceTree = "<group>"; };
		8437F6851A8A71CB00B1C3BA /* CCRPublishersTableViewController.m */ = {isa = PBXFileReference; lastKnownFileType = sourcecode.c.objc; path = CCRPublishersTableViewController.m; sourceTree = "<group>"; };
		DD3D01F51A973212007EA899 /* CCRBookViewController.h */ = {isa = PBXFileReference; fileEncoding = 4; lastKnownFileType = sourcecode.c.h; path = CCRBookViewController.h; sourceTree = "<group>"; };
		DD3D01F61A973212007EA899 /* CCRBookViewController.m */ = {isa = PBXFileReference; fileEncoding = 4; lastKnownFileType = sourcecode.c.objc; path = CCRBookViewController.m; sourceTree = "<group>"; };
		DD3D01F81A97323C007EA899 /* CCRBooksTableViewController.h */ = {isa = PBXFileReference; fileEncoding = 4; lastKnownFileType = sourcecode.c.h; path = CCRBooksTableViewController.h; sourceTree = "<group>"; };
		DD3D01F91A97323C007EA899 /* CCRBooksTableViewController.m */ = {isa = PBXFileReference; fileEncoding = 4; lastKnownFileType = sourcecode.c.objc; path = CCRBooksTableViewController.m; sourceTree = "<group>"; };
		DD3D01FE1A97B3C5007EA899 /* CCRDatabaseFiller.h */ = {isa = PBXFileReference; fileEncoding = 4; lastKnownFileType = sourcecode.c.h; path = CCRDatabaseFiller.h; sourceTree = "<group>"; };
		DD3D01FF1A97B3C5007EA899 /* CCRDatabaseFiller.m */ = {isa = PBXFileReference; fileEncoding = 4; lastKnownFileType = sourcecode.c.objc; path = CCRDatabaseFiller.m; sourceTree = "<group>"; };
		DDD287DF1A969A01003CF46A /* Library.sqlite */ = {isa = PBXFileReference; lastKnownFileType = file; path = Library.sqlite; sourceTree = "<group>"; };
/* End PBXFileReference section */

/* Begin PBXFrameworksBuildPhase section */
		8437F6511A8A6AE400B1C3BA /* Frameworks */ = {
			isa = PBXFrameworksBuildPhase;
			buildActionMask = 2147483647;
			files = (
			);
			runOnlyForDeploymentPostprocessing = 0;
		};
		8437F66D1A8A6AE400B1C3BA /* Frameworks */ = {
			isa = PBXFrameworksBuildPhase;
			buildActionMask = 2147483647;
			files = (
			);
			runOnlyForDeploymentPostprocessing = 0;
		};
/* End PBXFrameworksBuildPhase section */

/* Begin PBXGroup section */
		8437F64B1A8A6AE400B1C3BA = {
			isa = PBXGroup;
			children = (
				8437F6561A8A6AE400B1C3BA /* CoreDataBasics-Part2 */,
				8437F6731A8A6AE400B1C3BA /* CoreDataBasics-Part2Tests */,
				8437F6551A8A6AE400B1C3BA /* Products */,
			);
			sourceTree = "<group>";
		};
		8437F6551A8A6AE400B1C3BA /* Products */ = {
			isa = PBXGroup;
			children = (
				8437F6541A8A6AE400B1C3BA /* CoreDataBasics-Part2.app */,
				8437F6701A8A6AE400B1C3BA /* CoreDataBasics-Part2Tests.xctest */,
			);
			name = Products;
			sourceTree = "<group>";
		};
		8437F6561A8A6AE400B1C3BA /* CoreDataBasics-Part2 */ = {
			isa = PBXGroup;
			children = (
				8437F6831A8A6FE600B1C3BA /* Resources */,
				8437F6801A8A6F6800B1C3BA /* Library.xcdatamodeld */,
				8437F6841A8A71CB00B1C3BA /* CCRPublishersTableViewController.h */,
				8437F6851A8A71CB00B1C3BA /* CCRPublishersTableViewController.m */,
				DD3D01F81A97323C007EA899 /* CCRBooksTableViewController.h */,
				DD3D01F91A97323C007EA899 /* CCRBooksTableViewController.m */,
				DD3D01F51A973212007EA899 /* CCRBookViewController.h */,
				DD3D01F61A973212007EA899 /* CCRBookViewController.m */,
				DD3D01FE1A97B3C5007EA899 /* CCRDatabaseFiller.h */,
				DD3D01FF1A97B3C5007EA899 /* CCRDatabaseFiller.m */,
				8437F65B1A8A6AE400B1C3BA /* AppDelegate.h */,
				8437F65C1A8A6AE400B1C3BA /* AppDelegate.m */,
				8437F6641A8A6AE400B1C3BA /* Main.storyboard */,
				8437F6671A8A6AE400B1C3BA /* Images.xcassets */,
				8437F6691A8A6AE400B1C3BA /* LaunchScreen.xib */,
				8437F6571A8A6AE400B1C3BA /* Supporting Files */,
			);
			path = "CoreDataBasics-Part2";
			sourceTree = "<group>";
		};
		8437F6571A8A6AE400B1C3BA /* Supporting Files */ = {
			isa = PBXGroup;
			children = (
				8437F6581A8A6AE400B1C3BA /* Info.plist */,
				8437F6591A8A6AE400B1C3BA /* main.m */,
			);
			name = "Supporting Files";
			sourceTree = "<group>";
		};
		8437F6731A8A6AE400B1C3BA /* CoreDataBasics-Part2Tests */ = {
			isa = PBXGroup;
			children = (
				8437F6761A8A6AE400B1C3BA /* CoreDataBasics_Part2Tests.m */,
				8437F6741A8A6AE400B1C3BA /* Supporting Files */,
			);
			path = "CoreDataBasics-Part2Tests";
			sourceTree = "<group>";
		};
		8437F6741A8A6AE400B1C3BA /* Supporting Files */ = {
			isa = PBXGroup;
			children = (
				8437F6751A8A6AE400B1C3BA /* Info.plist */,
			);
			name = "Supporting Files";
			sourceTree = "<group>";
		};
		8437F6831A8A6FE600B1C3BA /* Resources */ = {
			isa = PBXGroup;
			children = (
				DDD287DF1A969A01003CF46A /* Library.sqlite */,
			);
			name = Resources;
			sourceTree = "<group>";
		};
/* End PBXGroup section */

/* Begin PBXNativeTarget section */
		8437F6531A8A6AE400B1C3BA /* CoreDataBasics-Part2 */ = {
			isa = PBXNativeTarget;
			buildConfigurationList = 8437F67A1A8A6AE400B1C3BA /* Build configuration list for PBXNativeTarget "CoreDataBasics-Part2" */;
			buildPhases = (
				8437F6501A8A6AE400B1C3BA /* Sources */,
				8437F6511A8A6AE400B1C3BA /* Frameworks */,
				8437F6521A8A6AE400B1C3BA /* Resources */,
			);
			buildRules = (
			);
			dependencies = (
			);
			name = "CoreDataBasics-Part2";
			productName = "CoreDataBasics-Part2";
			productReference = 8437F6541A8A6AE400B1C3BA /* CoreDataBasics-Part2.app */;
			productType = "com.apple.product-type.application";
		};
		8437F66F1A8A6AE400B1C3BA /* CoreDataBasics-Part2Tests */ = {
			isa = PBXNativeTarget;
			buildConfigurationList = 8437F67D1A8A6AE400B1C3BA /* Build configuration list for PBXNativeTarget "CoreDataBasics-Part2Tests" */;
			buildPhases = (
				8437F66C1A8A6AE400B1C3BA /* Sources */,
				8437F66D1A8A6AE400B1C3BA /* Frameworks */,
				8437F66E1A8A6AE400B1C3BA /* Resources */,
			);
			buildRules = (
			);
			dependencies = (
				8437F6721A8A6AE400B1C3BA /* PBXTargetDependency */,
			);
			name = "CoreDataBasics-Part2Tests";
			productName = "CoreDataBasics-Part2Tests";
			productReference = 8437F6701A8A6AE400B1C3BA /* CoreDataBasics-Part2Tests.xctest */;
			productType = "com.apple.product-type.bundle.unit-test";
		};
/* End PBXNativeTarget section */

/* Begin PBXProject section */
		8437F64C1A8A6AE400B1C3BA /* Project object */ = {
			isa = PBXProject;
			attributes = {
				LastUpgradeCheck = 0610;
				ORGANIZATIONNAME = corsarus;
				TargetAttributes = {
					8437F6531A8A6AE400B1C3BA = {
						CreatedOnToolsVersion = 6.1.1;
					};
					8437F66F1A8A6AE400B1C3BA = {
						CreatedOnToolsVersion = 6.1.1;
						TestTargetID = 8437F6531A8A6AE400B1C3BA;
					};
				};
			};
			buildConfigurationList = 8437F64F1A8A6AE400B1C3BA /* Build configuration list for PBXProject "CoreDataBasics-Part2" */;
			compatibilityVersion = "Xcode 3.2";
			developmentRegion = English;
			hasScannedForEncodings = 0;
			knownRegions = (
				en,
				Base,
			);
			mainGroup = 8437F64B1A8A6AE400B1C3BA;
			productRefGroup = 8437F6551A8A6AE400B1C3BA /* Products */;
			projectDirPath = "";
			projectRoot = "";
			targets = (
				8437F6531A8A6AE400B1C3BA /* CoreDataBasics-Part2 */,
				8437F66F1A8A6AE400B1C3BA /* CoreDataBasics-Part2Tests */,
			);
		};
/* End PBXProject section */

/* Begin PBXResourcesBuildPhase section */
		8437F6521A8A6AE400B1C3BA /* Resources */ = {
			isa = PBXResourcesBuildPhase;
			buildActionMask = 2147483647;
			files = (
				8437F6661A8A6AE400B1C3BA /* Main.storyboard in Resources */,
				8437F66B1A8A6AE400B1C3BA /* LaunchScreen.xib in Resources */,
				8437F6681A8A6AE400B1C3BA /* Images.xcassets in Resources */,
				DDD287E01A969A01003CF46A /* Library.sqlite in Resources */,
			);
			runOnlyForDeploymentPostprocessing = 0;
		};
		8437F66E1A8A6AE400B1C3BA /* Resources */ = {
			isa = PBXResourcesBuildPhase;
			buildActionMask = 2147483647;
			files = (
			);
			runOnlyForDeploymentPostprocessing = 0;
		};
/* End PBXResourcesBuildPhase section */

/* Begin PBXSourcesBuildPhase section */
		8437F6501A8A6AE400B1C3BA /* Sources */ = {
			isa = PBXSourcesBuildPhase;
			buildActionMask = 2147483647;
			files = (
				DD3D01F71A973212007EA899 /* CCRBookViewController.m in Sources */,
				DD3D02001A97B3C5007EA899 /* CCRDatabaseFiller.m in Sources */,
				8437F65D1A8A6AE400B1C3BA /* AppDelegate.m in Sources */,
				DDD287DE1A96896D003CF46A /* CCRPublishersTableViewController.m in Sources */,
				DD3D01FA1A97323C007EA899 /* CCRBooksTableViewController.m in Sources */,
				8437F65A1A8A6AE400B1C3BA /* main.m in Sources */,
				8437F6821A8A6F6E00B1C3BA /* Library.xcdatamodeld in Sources */,
			);
			runOnlyForDeploymentPostprocessing = 0;
		};
		8437F66C1A8A6AE400B1C3BA /* Sources */ = {
			isa = PBXSourcesBuildPhase;
			buildActionMask = 2147483647;
			files = (
				8437F6771A8A6AE400B1C3BA /* CoreDataBasics_Part2Tests.m in Sources */,
			);
			runOnlyForDeploymentPostprocessing = 0;
		};
/* End PBXSourcesBuildPhase section */

/* Begin PBXTargetDependency section */
		8437F6721A8A6AE400B1C3BA /* PBXTargetDependency */ = {
			isa = PBXTargetDependency;
			target = 8437F6531A8A6AE400B1C3BA /* CoreDataBasics-Part2 */;
			targetProxy = 8437F6711A8A6AE400B1C3BA /* PBXContainerItemProxy */;
		};
/* End PBXTargetDependency section */

/* Begin PBXVariantGroup section */
		8437F6641A8A6AE400B1C3BA /* Main.storyboard */ = {
			isa = PBXVariantGroup;
			children = (
				8437F6651A8A6AE400B1C3BA /* Base */,
			);
			name = Main.storyboard;
			sourceTree = "<group>";
		};
		8437F6691A8A6AE400B1C3BA /* LaunchScreen.xib */ = {
			isa = PBXVariantGroup;
			children = (
				8437F66A1A8A6AE400B1C3BA /* Base */,
			);
			name = LaunchScreen.xib;
			sourceTree = "<group>";
		};
/* End PBXVariantGroup section */

/* Begin XCBuildConfiguration section */
		8437F6781A8A6AE400B1C3BA /* Debug */ = {
			isa = XCBuildConfiguration;
			buildSettings = {
				ALWAYS_SEARCH_USER_PATHS = NO;
				CLANG_CXX_LANGUAGE_STANDARD = "gnu++0x";
				CLANG_CXX_LIBRARY = "libc++";
				CLANG_ENABLE_MODULES = YES;
				CLANG_ENABLE_OBJC_ARC = YES;
				CLANG_WARN_BOOL_CONVERSION = YES;
				CLANG_WARN_CONSTANT_CONVERSION = YES;
				CLANG_WARN_DIRECT_OBJC_ISA_USAGE = YES_ERROR;
				CLANG_WARN_EMPTY_BODY = YES;
				CLANG_WARN_ENUM_CONVERSION = YES;
				CLANG_WARN_INT_CONVERSION = YES;
				CLANG_WARN_OBJC_ROOT_CLASS = YES_ERROR;
				CLANG_WARN_UNREACHABLE_CODE = YES;
				CLANG_WARN__DUPLICATE_METHOD_MATCH = YES;
				"CODE_SIGN_IDENTITY[sdk=iphoneos*]" = "iPhone Developer";
				COPY_PHASE_STRIP = NO;
				ENABLE_STRICT_OBJC_MSGSEND = YES;
				GCC_C_LANGUAGE_STANDARD = gnu99;
				GCC_DYNAMIC_NO_PIC = NO;
				GCC_OPTIMIZATION_LEVEL = 0;
				GCC_PREPROCESSOR_DEFINITIONS = (
					"DEBUG=1",
					"$(inherited)",
				);
				GCC_SYMBOLS_PRIVATE_EXTERN = NO;
				GCC_WARN_64_TO_32_BIT_CONVERSION = YES;
				GCC_WARN_ABOUT_RETURN_TYPE = YES_ERROR;
				GCC_WARN_UNDECLARED_SELECTOR = YES;
				GCC_WARN_UNINITIALIZED_AUTOS = YES_AGGRESSIVE;
				GCC_WARN_UNUSED_FUNCTION = YES;
				GCC_WARN_UNUSED_VARIABLE = YES;
				IPHONEOS_DEPLOYMENT_TARGET = 8.1;
				MTL_ENABLE_DEBUG_INFO = YES;
				ONLY_ACTIVE_ARCH = YES;
				SDKROOT = iphoneos;
			};
			name = Debug;
		};
		8437F6791A8A6AE400B1C3BA /* Release */ = {
			isa = XCBuildConfiguration;
			buildSettings = {
				ALWAYS_SEARCH_USER_PATHS = NO;
				CLANG_CXX_LANGUAGE_STANDARD = "gnu++0x";
				CLANG_CXX_LIBRARY = "libc++";
				CLANG_ENABLE_MODULES = YES;
				CLANG_ENABLE_OBJC_ARC = YES;
				CLANG_WARN_BOOL_CONVERSION = YES;
				CLANG_WARN_CONSTANT_CONVERSION = YES;
				CLANG_WARN_DIRECT_OBJC_ISA_USAGE = YES_ERROR;
				CLANG_WARN_EMPTY_BODY = YES;
				CLANG_WARN_ENUM_CONVERSION = YES;
				CLANG_WARN_INT_CONVERSION = YES;
				CLANG_WARN_OBJC_ROOT_CLASS = YES_ERROR;
				CLANG_WARN_UNREACHABLE_CODE = YES;
				CLANG_WARN__DUPLICATE_METHOD_MATCH = YES;
				"CODE_SIGN_IDENTITY[sdk=iphoneos*]" = "iPhone Developer";
				COPY_PHASE_STRIP = YES;
				ENABLE_NS_ASSERTIONS = NO;
				ENABLE_STRICT_OBJC_MSGSEND = YES;
				GCC_C_LANGUAGE_STANDARD = gnu99;
				GCC_WARN_64_TO_32_BIT_CONVERSION = YES;
				GCC_WARN_ABOUT_RETURN_TYPE = YES_ERROR;
				GCC_WARN_UNDECLARED_SELECTOR = YES;
				GCC_WARN_UNINITIALIZED_AUTOS = YES_AGGRESSIVE;
				GCC_WARN_UNUSED_FUNCTION = YES;
				GCC_WARN_UNUSED_VARIABLE = YES;
				IPHONEOS_DEPLOYMENT_TARGET = 8.1;
				MTL_ENABLE_DEBUG_INFO = NO;
				SDKROOT = iphoneos;
				VALIDATE_PRODUCT = YES;
			};
			name = Release;
		};
		8437F67B1A8A6AE400B1C3BA /* Debug */ = {
			isa = XCBuildConfiguration;
			buildSettings = {
				ASSETCATALOG_COMPILER_APPICON_NAME = AppIcon;
				INFOPLIST_FILE = "CoreDataBasics-Part2/Info.plist";
				LD_RUNPATH_SEARCH_PATHS = "$(inherited) @executable_path/Frameworks";
				PRODUCT_NAME = "$(TARGET_NAME)";
			};
			name = Debug;
		};
		8437F67C1A8A6AE400B1C3BA /* Release */ = {
			isa = XCBuildConfiguration;
			buildSettings = {
				ASSETCATALOG_COMPILER_APPICON_NAME = AppIcon;
				INFOPLIST_FILE = "CoreDataBasics-Part2/Info.plist";
				LD_RUNPATH_SEARCH_PATHS = "$(inherited) @executable_path/Frameworks";
				PRODUCT_NAME = "$(TARGET_NAME)";
			};
			name = Release;
		};
		8437F67E1A8A6AE400B1C3BA /* Debug */ = {
			isa = XCBuildConfiguration;
			buildSettings = {
				BUNDLE_LOADER = "$(TEST_HOST)";
				FRAMEWORK_SEARCH_PATHS = (
					"$(SDKROOT)/Developer/Library/Frameworks",
					"$(inherited)",
				);
				GCC_PREPROCESSOR_DEFINITIONS = (
					"DEBUG=1",
					"$(inherited)",
				);
				INFOPLIST_FILE = "CoreDataBasics-Part2Tests/Info.plist";
				LD_RUNPATH_SEARCH_PATHS = "$(inherited) @executable_path/Frameworks @loader_path/Frameworks";
				PRODUCT_NAME = "$(TARGET_NAME)";
				TEST_HOST = "$(BUILT_PRODUCTS_DIR)/CoreDataBasics-Part2.app/CoreDataBasics-Part2";
			};
			name = Debug;
		};
		8437F67F1A8A6AE400B1C3BA /* Release */ = {
			isa = XCBuildConfiguration;
			buildSettings = {
				BUNDLE_LOADER = "$(TEST_HOST)";
				FRAMEWORK_SEARCH_PATHS = (
					"$(SDKROOT)/Developer/Library/Frameworks",
					"$(inherited)",
				);
				INFOPLIST_FILE = "CoreDataBasics-Part2Tests/Info.plist";
				LD_RUNPATH_SEARCH_PATHS = "$(inherited) @executable_path/Frameworks @loader_path/Frameworks";
				PRODUCT_NAME = "$(TARGET_NAME)";
				TEST_HOST = "$(BUILT_PRODUCTS_DIR)/CoreDataBasics-Part2.app/CoreDataBasics-Part2";
			};
			name = Release;
		};
/* End XCBuildConfiguration section */

/* Begin XCConfigurationList section */
		8437F64F1A8A6AE400B1C3BA /* Build configuration list for PBXProject "CoreDataBasics-Part2" */ = {
			isa = XCConfigurationList;
			buildConfigurations = (
				8437F6781A8A6AE400B1C3BA /* Debug */,
				8437F6791A8A6AE400B1C3BA /* Release */,
			);
			defaultConfigurationIsVisible = 0;
			defaultConfigurationName = Release;
		};
		8437F67A1A8A6AE400B1C3BA /* Build configuration list for PBXNativeTarget "CoreDataBasics-Part2" */ = {
			isa = XCConfigurationList;
			buildConfigurations = (
				8437F67B1A8A6AE400B1C3BA /* Debug */,
				8437F67C1A8A6AE400B1C3BA /* Release */,
			);
			defaultConfigurationIsVisible = 0;
			defaultConfigurationName = Release;
		};
		8437F67D1A8A6AE400B1C3BA /* Build configuration list for PBXNativeTarget "CoreDataBasics-Part2Tests" */ = {
			isa = XCConfigurationList;
			buildConfigurations = (
				8437F67E1A8A6AE400B1C3BA /* Debug */,
				8437F67F1A8A6AE400B1C3BA /* Release */,
			);
			defaultConfigurationIsVisible = 0;
			defaultConfigurationName = Release;
		};
/* End XCConfigurationList section */

/* Begin XCVersionGroup section */
		8437F6801A8A6F6800B1C3BA /* Library.xcdatamodeld */ = {
			isa = XCVersionGroup;
			children = (
				8437F6811A8A6F6800B1C3BA /* CoreDataBasics_Part1.xcdatamodel */,
			);
			currentVersion = 8437F6811A8A6F6800B1C3BA /* CoreDataBasics_Part1.xcdatamodel */;
			path = Library.xcdatamodeld;
			sourceTree = "<group>";
			versionGroupType = wrapper.xcdatamodel;
		};
/* End XCVersionGroup section */
	};
	rootObject = 8437F64C1A8A6AE400B1C3BA /* Project object */;
}
